
Microsoft Visual Studio Solution File, Format Version 12.00
# Visual Studio Version 17
VisualStudioVersion = 17.4.33205.214
MinimumVisualStudioVersion = 10.0.40219.1
Project("{FAE04EC0-301F-11D3-BF4B-00C04F79EFBC}") = "winfind", "winfind.csproj", "{055AD6A8-1A65-4D2F-B56C-058DE0D2AC21}"
EndProject
Global
	GlobalSection(SolutionConfigurationPlatforms) = preSolution
		Debug|Any CPU = Debug|Any CPU
		Release|Any CPU = Release|Any CPU
	EndGlobalSection
	GlobalSection(ProjectConfigurationPlatforms) = postSolution
		{055AD6A8-1A65-4D2F-B56C-058DE0D2AC21}.Debug|Any CPU.ActiveCfg = Debug|Any CPU
		{055AD6A8-1A65-4D2F-B56C-058DE0D2AC21}.Debug|Any CPU.Build.0 = Debug|Any CPU
		{055AD6A8-1A65-4D2F-B56C-058DE0D2AC21}.Release|Any CPU.ActiveCfg = Release|Any CPU
		{055AD6A8-1A65-4D2F-B56C-058DE0D2AC21}.Release|Any CPU.Build.0 = Release|Any CPU
	EndGlobalSection
	GlobalSection(SolutionProperties) = preSolution
		HideSolutionNode = FALSE
	EndGlobalSection
	GlobalSection(ExtensibilityGlobals) = postSolution
		SolutionGuid = {E222C3B8-6F19-4693-B95E-2DC31228C1BA}
	EndGlobalSection
EndGlobal
